
Microsoft Visual Studio Solution File, Format Version 12.00
# Visual Studio Version 16
VisualStudioVersion = 16.0.30503.244
MinimumVisualStudioVersion = 10.0.40219.1
Project("{888888A0-9F3D-457C-B088-3A5042F75D52}") = "06 PY", "06 PY\06 PY.pyproj", "{995D06E8-D25B-40F4-B1F0-11B7065B3A9E}"
EndProject
Global
	GlobalSection(SolutionConfigurationPlatforms) = preSolution
		Debug|Any CPU = Debug|Any CPU
		Release|Any CPU = Release|Any CPU
	EndGlobalSection
	GlobalSection(ProjectConfigurationPlatforms) = postSolution
		{995D06E8-D25B-40F4-B1F0-11B7065B3A9E}.Debug|Any CPU.ActiveCfg = Debug|Any CPU
		{995D06E8-D25B-40F4-B1F0-11B7065B3A9E}.Release|Any CPU.ActiveCfg = Release|Any CPU
	EndGlobalSection
	GlobalSection(SolutionProperties) = preSolution
		HideSolutionNode = FALSE
	EndGlobalSection
	GlobalSection(ExtensibilityGlobals) = postSolution
		SolutionGuid = {F3D57B4F-14AB-468E-9110-1DF1F3C27299}
	EndGlobalSection
EndGlobal
