
Microsoft Visual Studio Solution File, Format Version 12.00
# Visual Studio Version 16
VisualStudioVersion = 16.0.30503.244
MinimumVisualStudioVersion = 10.0.40219.1
Project("{888888A0-9F3D-457C-B088-3A5042F75D52}") = "07 PY", "07 PY\07 PY.pyproj", "{3A175E48-AECD-452A-90AF-9B927E658B9C}"
EndProject
Global
	GlobalSection(SolutionConfigurationPlatforms) = preSolution
		Debug|Any CPU = Debug|Any CPU
		Release|Any CPU = Release|Any CPU
	EndGlobalSection
	GlobalSection(ProjectConfigurationPlatforms) = postSolution
		{3A175E48-AECD-452A-90AF-9B927E658B9C}.Debug|Any CPU.ActiveCfg = Debug|Any CPU
		{3A175E48-AECD-452A-90AF-9B927E658B9C}.Release|Any CPU.ActiveCfg = Release|Any CPU
	EndGlobalSection
	GlobalSection(SolutionProperties) = preSolution
		HideSolutionNode = FALSE
	EndGlobalSection
	GlobalSection(ExtensibilityGlobals) = postSolution
		SolutionGuid = {10D7F92F-6E52-417A-BC3F-9DF14F227143}
	EndGlobalSection
EndGlobal
