
Microsoft Visual Studio Solution File, Format Version 12.00
# Visual Studio Version 16
VisualStudioVersion = 16.0.30503.244
MinimumVisualStudioVersion = 10.0.40219.1
Project("{888888A0-9F3D-457C-B088-3A5042F75D52}") = "PythonApplication5PY", "PythonApplication5PY\PythonApplication5PY.pyproj", "{3A0017AE-51C6-4354-89C9-D69E7AECEFF1}"
EndProject
Global
	GlobalSection(SolutionConfigurationPlatforms) = preSolution
		Debug|Any CPU = Debug|Any CPU
		Release|Any CPU = Release|Any CPU
	EndGlobalSection
	GlobalSection(ProjectConfigurationPlatforms) = postSolution
		{3A0017AE-51C6-4354-89C9-D69E7AECEFF1}.Debug|Any CPU.ActiveCfg = Debug|Any CPU
		{3A0017AE-51C6-4354-89C9-D69E7AECEFF1}.Release|Any CPU.ActiveCfg = Release|Any CPU
	EndGlobalSection
	GlobalSection(SolutionProperties) = preSolution
		HideSolutionNode = FALSE
	EndGlobalSection
	GlobalSection(ExtensibilityGlobals) = postSolution
		SolutionGuid = {7E4F6D6D-41D0-4806-B59B-E03179DBCFB2}
	EndGlobalSection
EndGlobal
